
Microsoft Visual Studio Solution File, Format Version 12.00
# Visual Studio Version 16
VisualStudioVersion = 16.0.30717.126
MinimumVisualStudioVersion = 10.0.40219.1
Project("{FAE04EC0-301F-11D3-BF4B-00C04F79EFBC}") = "Telefon_,Rehberi", "Telefon_,Rehberi\Telefon_,Rehberi.csproj", "{D12472F5-D891-4667-ADF8-91A957CD42D6}"
EndProject
Global
	GlobalSection(SolutionConfigurationPlatforms) = preSolution
		Debug|Any CPU = Debug|Any CPU
		Release|Any CPU = Release|Any CPU
	EndGlobalSection
	GlobalSection(ProjectConfigurationPlatforms) = postSolution
		{D12472F5-D891-4667-ADF8-91A957CD42D6}.Debug|Any CPU.ActiveCfg = Debug|Any CPU
		{D12472F5-D891-4667-ADF8-91A957CD42D6}.Debug|Any CPU.Build.0 = Debug|Any CPU
		{D12472F5-D891-4667-ADF8-91A957CD42D6}.Release|Any CPU.ActiveCfg = Release|Any CPU
		{D12472F5-D891-4667-ADF8-91A957CD42D6}.Release|Any CPU.Build.0 = Release|Any CPU
	EndGlobalSection
	GlobalSection(SolutionProperties) = preSolution
		HideSolutionNode = FALSE
	EndGlobalSection
	GlobalSection(ExtensibilityGlobals) = postSolution
		SolutionGuid = {4C395523-3305-4A97-859B-267E4EA5DDF6}
	EndGlobalSection
EndGlobal
